
Microsoft Visual Studio Solution File, Format Version 12.00
# Visual Studio 15
VisualStudioVersion = 15.0.27004.2009
MinimumVisualStudioVersion = 10.0.40219.1
Project("{FAE04EC0-301F-11D3-BF4B-00C04F79EFBC}") = "Varian.RomanNumerals", "Varian.RomanNumerals\Varian.RomanNumerals.csproj", "{D4102F7D-B3C8-4410-9879-9C4E4DD52E00}"
EndProject
Project("{FAE04EC0-301F-11D3-BF4B-00C04F79EFBC}") = "Varian.RomanNumerals.Tests", "Varian.RomanNumerals.Tests\Varian.RomanNumerals.Tests.csproj", "{466508B6-57E2-41BD-BE66-9A93CB45B9EE}"
EndProject
Project("{FAE04EC0-301F-11D3-BF4B-00C04F79EFBC}") = "Varian.Common", "Varian.Common\Varian.Common.csproj", "{6E5708D1-1797-4D95-AFAD-A65B6567C41E}"
EndProject
Project("{FAE04EC0-301F-11D3-BF4B-00C04F79EFBC}") = "Varian.Common.Tests", "Varian.Common.Tests\Varian.Common.Tests.csproj", "{115CA533-2A3C-4B9C-A4D6-F96C5DC7E691}"
EndProject
Global
	GlobalSection(SolutionConfigurationPlatforms) = preSolution
		Debug|Any CPU = Debug|Any CPU
		Release|Any CPU = Release|Any CPU
	EndGlobalSection
	GlobalSection(ProjectConfigurationPlatforms) = postSolution
		{D4102F7D-B3C8-4410-9879-9C4E4DD52E00}.Debug|Any CPU.ActiveCfg = Debug|Any CPU
		{D4102F7D-B3C8-4410-9879-9C4E4DD52E00}.Debug|Any CPU.Build.0 = Debug|Any CPU
		{D4102F7D-B3C8-4410-9879-9C4E4DD52E00}.Release|Any CPU.ActiveCfg = Release|Any CPU
		{D4102F7D-B3C8-4410-9879-9C4E4DD52E00}.Release|Any CPU.Build.0 = Release|Any CPU
		{466508B6-57E2-41BD-BE66-9A93CB45B9EE}.Debug|Any CPU.ActiveCfg = Debug|Any CPU
		{466508B6-57E2-41BD-BE66-9A93CB45B9EE}.Debug|Any CPU.Build.0 = Debug|Any CPU
		{466508B6-57E2-41BD-BE66-9A93CB45B9EE}.Release|Any CPU.ActiveCfg = Release|Any CPU
		{466508B6-57E2-41BD-BE66-9A93CB45B9EE}.Release|Any CPU.Build.0 = Release|Any CPU
		{6E5708D1-1797-4D95-AFAD-A65B6567C41E}.Debug|Any CPU.ActiveCfg = Debug|Any CPU
		{6E5708D1-1797-4D95-AFAD-A65B6567C41E}.Debug|Any CPU.Build.0 = Debug|Any CPU
		{6E5708D1-1797-4D95-AFAD-A65B6567C41E}.Release|Any CPU.ActiveCfg = Release|Any CPU
		{6E5708D1-1797-4D95-AFAD-A65B6567C41E}.Release|Any CPU.Build.0 = Release|Any CPU
		{115CA533-2A3C-4B9C-A4D6-F96C5DC7E691}.Debug|Any CPU.ActiveCfg = Debug|Any CPU
		{115CA533-2A3C-4B9C-A4D6-F96C5DC7E691}.Debug|Any CPU.Build.0 = Debug|Any CPU
		{115CA533-2A3C-4B9C-A4D6-F96C5DC7E691}.Release|Any CPU.ActiveCfg = Release|Any CPU
		{115CA533-2A3C-4B9C-A4D6-F96C5DC7E691}.Release|Any CPU.Build.0 = Release|Any CPU
	EndGlobalSection
	GlobalSection(SolutionProperties) = preSolution
		HideSolutionNode = FALSE
	EndGlobalSection
	GlobalSection(ExtensibilityGlobals) = postSolution
		SolutionGuid = {A2B4E484-9BDA-4067-A2FC-88209CEE2EC1}
	EndGlobalSection
EndGlobal
